
Microsoft Visual Studio Solution File, Format Version 12.00
# Visual Studio Version 16
VisualStudioVersion = 16.0.30413.136
MinimumVisualStudioVersion = 10.0.40219.1
Project("{FAE04EC0-301F-11D3-BF4B-00C04F79EFBC}") = "test", "test\test.csproj", "{3A771BA4-B175-4BB4-889C-A16887B07EDF}"
EndProject
Global
	GlobalSection(SolutionConfigurationPlatforms) = preSolution
		Debug|Any CPU = Debug|Any CPU
		Release|Any CPU = Release|Any CPU
	EndGlobalSection
	GlobalSection(ProjectConfigurationPlatforms) = postSolution
		{3A771BA4-B175-4BB4-889C-A16887B07EDF}.Debug|Any CPU.ActiveCfg = Debug|Any CPU
		{3A771BA4-B175-4BB4-889C-A16887B07EDF}.Debug|Any CPU.Build.0 = Debug|Any CPU
		{3A771BA4-B175-4BB4-889C-A16887B07EDF}.Release|Any CPU.ActiveCfg = Release|Any CPU
		{3A771BA4-B175-4BB4-889C-A16887B07EDF}.Release|Any CPU.Build.0 = Release|Any CPU
	EndGlobalSection
	GlobalSection(SolutionProperties) = preSolution
		HideSolutionNode = FALSE
	EndGlobalSection
	GlobalSection(ExtensibilityGlobals) = postSolution
		SolutionGuid = {6D993077-D85E-4A50-A550-972C80E6EC46}
	EndGlobalSection
EndGlobal
