
Microsoft Visual Studio Solution File, Format Version 12.00
# Visual Studio Version 16
VisualStudioVersion = 16.0.30413.136
MinimumVisualStudioVersion = 10.0.40219.1
Project("{FAE04EC0-301F-11D3-BF4B-00C04F79EFBC}") = "Excellent", "Excellent\Excellent.csproj", "{5386F8D2-D6C6-4E25-80DF-06E6219DC437}"
EndProject
Project("{FAE04EC0-301F-11D3-BF4B-00C04F79EFBC}") = "secs", "secs\secs.csproj", "{260E0FE2-17DE-4DD9-8C3F-0CFF4E0FFB6C}"
EndProject
Project("{FAE04EC0-301F-11D3-BF4B-00C04F79EFBC}") = "BonusPoints", "BonusPoints\BonusPoints.csproj", "{F6F99A33-E3BF-43D7-A5C8-4E29A6B1AD6A}"
EndProject
Project("{FAE04EC0-301F-11D3-BF4B-00C04F79EFBC}") = "info", "info\info.csproj", "{A762F963-81A6-4F05-B59F-C0C97212386D}"
EndProject
Project("{FAE04EC0-301F-11D3-BF4B-00C04F79EFBC}") = "mmsmm", "mmsmm\mmsmm.csproj", "{39F6B814-7FF0-4B16-BB62-EBA46C9FE218}"
EndProject
Project("{FAE04EC0-301F-11D3-BF4B-00C04F79EFBC}") = "+15", "+15\+15.csproj", "{4D35CD70-CF57-4DC8-838D-AEECC2328F1B}"
EndProject
Project("{FAE04EC0-301F-11D3-BF4B-00C04F79EFBC}") = "godzila", "godzila\godzila.csproj", "{313B3FC6-6273-4742-8AA8-906AE6F792A2}"
EndProject
Project("{FAE04EC0-301F-11D3-BF4B-00C04F79EFBC}") = "worldrecord", "worldrecord\worldrecord.csproj", "{8FAA1ECF-B554-477F-94F0-995D65578FE5}"
EndProject
Global
	GlobalSection(SolutionConfigurationPlatforms) = preSolution
		Debug|Any CPU = Debug|Any CPU
		Release|Any CPU = Release|Any CPU
	EndGlobalSection
	GlobalSection(ProjectConfigurationPlatforms) = postSolution
		{5386F8D2-D6C6-4E25-80DF-06E6219DC437}.Debug|Any CPU.ActiveCfg = Debug|Any CPU
		{5386F8D2-D6C6-4E25-80DF-06E6219DC437}.Debug|Any CPU.Build.0 = Debug|Any CPU
		{5386F8D2-D6C6-4E25-80DF-06E6219DC437}.Release|Any CPU.ActiveCfg = Release|Any CPU
		{5386F8D2-D6C6-4E25-80DF-06E6219DC437}.Release|Any CPU.Build.0 = Release|Any CPU
		{260E0FE2-17DE-4DD9-8C3F-0CFF4E0FFB6C}.Debug|Any CPU.ActiveCfg = Debug|Any CPU
		{260E0FE2-17DE-4DD9-8C3F-0CFF4E0FFB6C}.Debug|Any CPU.Build.0 = Debug|Any CPU
		{260E0FE2-17DE-4DD9-8C3F-0CFF4E0FFB6C}.Release|Any CPU.ActiveCfg = Release|Any CPU
		{260E0FE2-17DE-4DD9-8C3F-0CFF4E0FFB6C}.Release|Any CPU.Build.0 = Release|Any CPU
		{F6F99A33-E3BF-43D7-A5C8-4E29A6B1AD6A}.Debug|Any CPU.ActiveCfg = Debug|Any CPU
		{F6F99A33-E3BF-43D7-A5C8-4E29A6B1AD6A}.Debug|Any CPU.Build.0 = Debug|Any CPU
		{F6F99A33-E3BF-43D7-A5C8-4E29A6B1AD6A}.Release|Any CPU.ActiveCfg = Release|Any CPU
		{F6F99A33-E3BF-43D7-A5C8-4E29A6B1AD6A}.Release|Any CPU.Build.0 = Release|Any CPU
		{A762F963-81A6-4F05-B59F-C0C97212386D}.Debug|Any CPU.ActiveCfg = Debug|Any CPU
		{A762F963-81A6-4F05-B59F-C0C97212386D}.Debug|Any CPU.Build.0 = Debug|Any CPU
		{A762F963-81A6-4F05-B59F-C0C97212386D}.Release|Any CPU.ActiveCfg = Release|Any CPU
		{A762F963-81A6-4F05-B59F-C0C97212386D}.Release|Any CPU.Build.0 = Release|Any CPU
		{39F6B814-7FF0-4B16-BB62-EBA46C9FE218}.Debug|Any CPU.ActiveCfg = Debug|Any CPU
		{39F6B814-7FF0-4B16-BB62-EBA46C9FE218}.Debug|Any CPU.Build.0 = Debug|Any CPU
		{39F6B814-7FF0-4B16-BB62-EBA46C9FE218}.Release|Any CPU.ActiveCfg = Release|Any CPU
		{39F6B814-7FF0-4B16-BB62-EBA46C9FE218}.Release|Any CPU.Build.0 = Release|Any CPU
		{4D35CD70-CF57-4DC8-838D-AEECC2328F1B}.Debug|Any CPU.ActiveCfg = Debug|Any CPU
		{4D35CD70-CF57-4DC8-838D-AEECC2328F1B}.Debug|Any CPU.Build.0 = Debug|Any CPU
		{4D35CD70-CF57-4DC8-838D-AEECC2328F1B}.Release|Any CPU.ActiveCfg = Release|Any CPU
		{4D35CD70-CF57-4DC8-838D-AEECC2328F1B}.Release|Any CPU.Build.0 = Release|Any CPU
		{313B3FC6-6273-4742-8AA8-906AE6F792A2}.Debug|Any CPU.ActiveCfg = Debug|Any CPU
		{313B3FC6-6273-4742-8AA8-906AE6F792A2}.Debug|Any CPU.Build.0 = Debug|Any CPU
		{313B3FC6-6273-4742-8AA8-906AE6F792A2}.Release|Any CPU.ActiveCfg = Release|Any CPU
		{313B3FC6-6273-4742-8AA8-906AE6F792A2}.Release|Any CPU.Build.0 = Release|Any CPU
		{8FAA1ECF-B554-477F-94F0-995D65578FE5}.Debug|Any CPU.ActiveCfg = Debug|Any CPU
		{8FAA1ECF-B554-477F-94F0-995D65578FE5}.Debug|Any CPU.Build.0 = Debug|Any CPU
		{8FAA1ECF-B554-477F-94F0-995D65578FE5}.Release|Any CPU.ActiveCfg = Release|Any CPU
		{8FAA1ECF-B554-477F-94F0-995D65578FE5}.Release|Any CPU.Build.0 = Release|Any CPU
	EndGlobalSection
	GlobalSection(SolutionProperties) = preSolution
		HideSolutionNode = FALSE
	EndGlobalSection
	GlobalSection(ExtensibilityGlobals) = postSolution
		SolutionGuid = {7F550B4C-CCD9-4F1C-B53B-590A790144D8}
	EndGlobalSection
EndGlobal
