
Microsoft Visual Studio Solution File, Format Version 12.00
# Visual Studio Version 16
VisualStudioVersion = 16.0.30413.136
MinimumVisualStudioVersion = 10.0.40219.1
Project("{FAE04EC0-301F-11D3-BF4B-00C04F79EFBC}") = "ConsoleApp1", "ConsoleApp1\ConsoleApp1.csproj", "{43991822-2165-4AC4-97EC-425826A1215B}"
EndProject
Project("{FAE04EC0-301F-11D3-BF4B-00C04F79EFBC}") = "dom2", "dom2\dom2.csproj", "{3C0F7759-60B4-40ED-9CCE-93BFE4BEE7EB}"
EndProject
Project("{FAE04EC0-301F-11D3-BF4B-00C04F79EFBC}") = "dom3", "dom3\dom3.csproj", "{647D4C1F-3873-458B-A5C9-3688513B35A9}"
EndProject
Project("{FAE04EC0-301F-11D3-BF4B-00C04F79EFBC}") = "dom6", "dom6\dom6.csproj", "{8829F04F-5D36-46DA-A9B3-337DCCFC20AE}"
EndProject
Project("{FAE04EC0-301F-11D3-BF4B-00C04F79EFBC}") = "dom7", "dom7\dom7.csproj", "{18653A64-A3FC-44F4-AC14-3D36B60FB0A5}"
EndProject
Global
	GlobalSection(SolutionConfigurationPlatforms) = preSolution
		Debug|Any CPU = Debug|Any CPU
		Release|Any CPU = Release|Any CPU
	EndGlobalSection
	GlobalSection(ProjectConfigurationPlatforms) = postSolution
		{43991822-2165-4AC4-97EC-425826A1215B}.Debug|Any CPU.ActiveCfg = Debug|Any CPU
		{43991822-2165-4AC4-97EC-425826A1215B}.Debug|Any CPU.Build.0 = Debug|Any CPU
		{43991822-2165-4AC4-97EC-425826A1215B}.Release|Any CPU.ActiveCfg = Release|Any CPU
		{43991822-2165-4AC4-97EC-425826A1215B}.Release|Any CPU.Build.0 = Release|Any CPU
		{3C0F7759-60B4-40ED-9CCE-93BFE4BEE7EB}.Debug|Any CPU.ActiveCfg = Debug|Any CPU
		{3C0F7759-60B4-40ED-9CCE-93BFE4BEE7EB}.Debug|Any CPU.Build.0 = Debug|Any CPU
		{3C0F7759-60B4-40ED-9CCE-93BFE4BEE7EB}.Release|Any CPU.ActiveCfg = Release|Any CPU
		{3C0F7759-60B4-40ED-9CCE-93BFE4BEE7EB}.Release|Any CPU.Build.0 = Release|Any CPU
		{647D4C1F-3873-458B-A5C9-3688513B35A9}.Debug|Any CPU.ActiveCfg = Debug|Any CPU
		{647D4C1F-3873-458B-A5C9-3688513B35A9}.Debug|Any CPU.Build.0 = Debug|Any CPU
		{647D4C1F-3873-458B-A5C9-3688513B35A9}.Release|Any CPU.ActiveCfg = Release|Any CPU
		{647D4C1F-3873-458B-A5C9-3688513B35A9}.Release|Any CPU.Build.0 = Release|Any CPU
		{8829F04F-5D36-46DA-A9B3-337DCCFC20AE}.Debug|Any CPU.ActiveCfg = Debug|Any CPU
		{8829F04F-5D36-46DA-A9B3-337DCCFC20AE}.Debug|Any CPU.Build.0 = Debug|Any CPU
		{8829F04F-5D36-46DA-A9B3-337DCCFC20AE}.Release|Any CPU.ActiveCfg = Release|Any CPU
		{8829F04F-5D36-46DA-A9B3-337DCCFC20AE}.Release|Any CPU.Build.0 = Release|Any CPU
		{18653A64-A3FC-44F4-AC14-3D36B60FB0A5}.Debug|Any CPU.ActiveCfg = Debug|Any CPU
		{18653A64-A3FC-44F4-AC14-3D36B60FB0A5}.Debug|Any CPU.Build.0 = Debug|Any CPU
		{18653A64-A3FC-44F4-AC14-3D36B60FB0A5}.Release|Any CPU.ActiveCfg = Release|Any CPU
		{18653A64-A3FC-44F4-AC14-3D36B60FB0A5}.Release|Any CPU.Build.0 = Release|Any CPU
	EndGlobalSection
	GlobalSection(SolutionProperties) = preSolution
		HideSolutionNode = FALSE
	EndGlobalSection
	GlobalSection(ExtensibilityGlobals) = postSolution
		SolutionGuid = {3D5C04FE-1272-422D-A398-DFA6A7324943}
	EndGlobalSection
EndGlobal
