
Microsoft Visual Studio Solution File, Format Version 12.00
# Visual Studio Version 16
VisualStudioVersion = 16.0.30413.136
MinimumVisualStudioVersion = 10.0.40219.1
Project("{FAE04EC0-301F-11D3-BF4B-00C04F79EFBC}") = "ednoo", "ednoo\ednoo.csproj", "{7F724AA4-A1CA-48F4-BA84-B4795B270260}"
EndProject
Project("{FAE04EC0-301F-11D3-BF4B-00C04F79EFBC}") = "tri", "tri\tri.csproj", "{91AA695C-4A58-451F-9573-9D06992252AA}"
EndProject
Project("{FAE04EC0-301F-11D3-BF4B-00C04F79EFBC}") = "nomerttri", "nomerttri\nomerttri.csproj", "{4913056C-D1BD-4E95-BCA4-096B69F2A023}"
EndProject
Project("{FAE04EC0-301F-11D3-BF4B-00C04F79EFBC}") = "nomeroTrito", "nomeroTrito\nomeroTrito.csproj", "{D9445580-B0C7-4D13-9E10-005B5F0DAE81}"
EndProject
Global
	GlobalSection(SolutionConfigurationPlatforms) = preSolution
		Debug|Any CPU = Debug|Any CPU
		Release|Any CPU = Release|Any CPU
	EndGlobalSection
	GlobalSection(ProjectConfigurationPlatforms) = postSolution
		{7F724AA4-A1CA-48F4-BA84-B4795B270260}.Debug|Any CPU.ActiveCfg = Debug|Any CPU
		{7F724AA4-A1CA-48F4-BA84-B4795B270260}.Debug|Any CPU.Build.0 = Debug|Any CPU
		{7F724AA4-A1CA-48F4-BA84-B4795B270260}.Release|Any CPU.ActiveCfg = Release|Any CPU
		{7F724AA4-A1CA-48F4-BA84-B4795B270260}.Release|Any CPU.Build.0 = Release|Any CPU
		{91AA695C-4A58-451F-9573-9D06992252AA}.Debug|Any CPU.ActiveCfg = Debug|Any CPU
		{91AA695C-4A58-451F-9573-9D06992252AA}.Debug|Any CPU.Build.0 = Debug|Any CPU
		{91AA695C-4A58-451F-9573-9D06992252AA}.Release|Any CPU.ActiveCfg = Release|Any CPU
		{91AA695C-4A58-451F-9573-9D06992252AA}.Release|Any CPU.Build.0 = Release|Any CPU
		{4913056C-D1BD-4E95-BCA4-096B69F2A023}.Debug|Any CPU.ActiveCfg = Debug|Any CPU
		{4913056C-D1BD-4E95-BCA4-096B69F2A023}.Debug|Any CPU.Build.0 = Debug|Any CPU
		{4913056C-D1BD-4E95-BCA4-096B69F2A023}.Release|Any CPU.ActiveCfg = Release|Any CPU
		{4913056C-D1BD-4E95-BCA4-096B69F2A023}.Release|Any CPU.Build.0 = Release|Any CPU
		{D9445580-B0C7-4D13-9E10-005B5F0DAE81}.Debug|Any CPU.ActiveCfg = Debug|Any CPU
		{D9445580-B0C7-4D13-9E10-005B5F0DAE81}.Debug|Any CPU.Build.0 = Debug|Any CPU
		{D9445580-B0C7-4D13-9E10-005B5F0DAE81}.Release|Any CPU.ActiveCfg = Release|Any CPU
		{D9445580-B0C7-4D13-9E10-005B5F0DAE81}.Release|Any CPU.Build.0 = Release|Any CPU
	EndGlobalSection
	GlobalSection(SolutionProperties) = preSolution
		HideSolutionNode = FALSE
	EndGlobalSection
	GlobalSection(ExtensibilityGlobals) = postSolution
		SolutionGuid = {478145C6-34EF-4600-BF7B-CF9FC3F2858C}
	EndGlobalSection
EndGlobal
