
Microsoft Visual Studio Solution File, Format Version 12.00
# Visual Studio Version 16
VisualStudioVersion = 16.0.30413.136
MinimumVisualStudioVersion = 10.0.40219.1
Project("{FAE04EC0-301F-11D3-BF4B-00C04F79EFBC}") = "dom1", "dom1\dom1.csproj", "{FDB8378F-6106-4AB4-8166-CE3787461B67}"
EndProject
Project("{FAE04EC0-301F-11D3-BF4B-00C04F79EFBC}") = "dom2", "dom2\dom2.csproj", "{8DFB4FBE-3D42-4702-969C-4F4F402BAC75}"
EndProject
Project("{FAE04EC0-301F-11D3-BF4B-00C04F79EFBC}") = "dom3", "dom3\dom3.csproj", "{A43B6F4D-7787-480A-A506-40B5819C0776}"
EndProject
Project("{FAE04EC0-301F-11D3-BF4B-00C04F79EFBC}") = "dom4", "dom4\dom4.csproj", "{1E61B1E8-4999-47B2-86E8-2C6798A63B03}"
EndProject
Project("{FAE04EC0-301F-11D3-BF4B-00C04F79EFBC}") = "dom5", "dom5\dom5.csproj", "{BAB07975-969E-45CE-8020-F814591DE36D}"
EndProject
Global
	GlobalSection(SolutionConfigurationPlatforms) = preSolution
		Debug|Any CPU = Debug|Any CPU
		Release|Any CPU = Release|Any CPU
	EndGlobalSection
	GlobalSection(ProjectConfigurationPlatforms) = postSolution
		{FDB8378F-6106-4AB4-8166-CE3787461B67}.Debug|Any CPU.ActiveCfg = Debug|Any CPU
		{FDB8378F-6106-4AB4-8166-CE3787461B67}.Debug|Any CPU.Build.0 = Debug|Any CPU
		{FDB8378F-6106-4AB4-8166-CE3787461B67}.Release|Any CPU.ActiveCfg = Release|Any CPU
		{FDB8378F-6106-4AB4-8166-CE3787461B67}.Release|Any CPU.Build.0 = Release|Any CPU
		{8DFB4FBE-3D42-4702-969C-4F4F402BAC75}.Debug|Any CPU.ActiveCfg = Debug|Any CPU
		{8DFB4FBE-3D42-4702-969C-4F4F402BAC75}.Debug|Any CPU.Build.0 = Debug|Any CPU
		{8DFB4FBE-3D42-4702-969C-4F4F402BAC75}.Release|Any CPU.ActiveCfg = Release|Any CPU
		{8DFB4FBE-3D42-4702-969C-4F4F402BAC75}.Release|Any CPU.Build.0 = Release|Any CPU
		{A43B6F4D-7787-480A-A506-40B5819C0776}.Debug|Any CPU.ActiveCfg = Debug|Any CPU
		{A43B6F4D-7787-480A-A506-40B5819C0776}.Debug|Any CPU.Build.0 = Debug|Any CPU
		{A43B6F4D-7787-480A-A506-40B5819C0776}.Release|Any CPU.ActiveCfg = Release|Any CPU
		{A43B6F4D-7787-480A-A506-40B5819C0776}.Release|Any CPU.Build.0 = Release|Any CPU
		{1E61B1E8-4999-47B2-86E8-2C6798A63B03}.Debug|Any CPU.ActiveCfg = Debug|Any CPU
		{1E61B1E8-4999-47B2-86E8-2C6798A63B03}.Debug|Any CPU.Build.0 = Debug|Any CPU
		{1E61B1E8-4999-47B2-86E8-2C6798A63B03}.Release|Any CPU.ActiveCfg = Release|Any CPU
		{1E61B1E8-4999-47B2-86E8-2C6798A63B03}.Release|Any CPU.Build.0 = Release|Any CPU
		{BAB07975-969E-45CE-8020-F814591DE36D}.Debug|Any CPU.ActiveCfg = Debug|Any CPU
		{BAB07975-969E-45CE-8020-F814591DE36D}.Debug|Any CPU.Build.0 = Debug|Any CPU
		{BAB07975-969E-45CE-8020-F814591DE36D}.Release|Any CPU.ActiveCfg = Release|Any CPU
		{BAB07975-969E-45CE-8020-F814591DE36D}.Release|Any CPU.Build.0 = Release|Any CPU
	EndGlobalSection
	GlobalSection(SolutionProperties) = preSolution
		HideSolutionNode = FALSE
	EndGlobalSection
	GlobalSection(ExtensibilityGlobals) = postSolution
		SolutionGuid = {B45236F6-8473-43A3-BAC9-E28EE17112A4}
	EndGlobalSection
EndGlobal
