
Microsoft Visual Studio Solution File, Format Version 12.00
# Visual Studio Version 16
VisualStudioVersion = 16.0.30413.136
MinimumVisualStudioVersion = 10.0.40219.1
Project("{FAE04EC0-301F-11D3-BF4B-00C04F79EFBC}") = "izpit1", "izpit1\izpit1.csproj", "{20353FA3-F224-452A-851E-206C7F86276F}"
EndProject
Project("{FAE04EC0-301F-11D3-BF4B-00C04F79EFBC}") = "shamuebakaikata", "shamuebakaikata\shamuebakaikata.csproj", "{EB784E99-D2F8-4509-BFB2-D16CC45503AB}"
EndProject
Project("{FAE04EC0-301F-11D3-BF4B-00C04F79EFBC}") = "3", "3\3.csproj", "{B2CF3EBD-F60D-4CD7-A865-5DC0621988FF}"
EndProject
Project("{FAE04EC0-301F-11D3-BF4B-00C04F79EFBC}") = "neshosi", "neshosi\neshosi.csproj", "{461A02D6-E131-49DC-A7F9-F66C0F940572}"
EndProject
Global
	GlobalSection(SolutionConfigurationPlatforms) = preSolution
		Debug|Any CPU = Debug|Any CPU
		Release|Any CPU = Release|Any CPU
	EndGlobalSection
	GlobalSection(ProjectConfigurationPlatforms) = postSolution
		{20353FA3-F224-452A-851E-206C7F86276F}.Debug|Any CPU.ActiveCfg = Debug|Any CPU
		{20353FA3-F224-452A-851E-206C7F86276F}.Debug|Any CPU.Build.0 = Debug|Any CPU
		{20353FA3-F224-452A-851E-206C7F86276F}.Release|Any CPU.ActiveCfg = Release|Any CPU
		{20353FA3-F224-452A-851E-206C7F86276F}.Release|Any CPU.Build.0 = Release|Any CPU
		{EB784E99-D2F8-4509-BFB2-D16CC45503AB}.Debug|Any CPU.ActiveCfg = Debug|Any CPU
		{EB784E99-D2F8-4509-BFB2-D16CC45503AB}.Debug|Any CPU.Build.0 = Debug|Any CPU
		{EB784E99-D2F8-4509-BFB2-D16CC45503AB}.Release|Any CPU.ActiveCfg = Release|Any CPU
		{EB784E99-D2F8-4509-BFB2-D16CC45503AB}.Release|Any CPU.Build.0 = Release|Any CPU
		{B2CF3EBD-F60D-4CD7-A865-5DC0621988FF}.Debug|Any CPU.ActiveCfg = Debug|Any CPU
		{B2CF3EBD-F60D-4CD7-A865-5DC0621988FF}.Debug|Any CPU.Build.0 = Debug|Any CPU
		{B2CF3EBD-F60D-4CD7-A865-5DC0621988FF}.Release|Any CPU.ActiveCfg = Release|Any CPU
		{B2CF3EBD-F60D-4CD7-A865-5DC0621988FF}.Release|Any CPU.Build.0 = Release|Any CPU
		{461A02D6-E131-49DC-A7F9-F66C0F940572}.Debug|Any CPU.ActiveCfg = Debug|Any CPU
		{461A02D6-E131-49DC-A7F9-F66C0F940572}.Debug|Any CPU.Build.0 = Debug|Any CPU
		{461A02D6-E131-49DC-A7F9-F66C0F940572}.Release|Any CPU.ActiveCfg = Release|Any CPU
		{461A02D6-E131-49DC-A7F9-F66C0F940572}.Release|Any CPU.Build.0 = Release|Any CPU
	EndGlobalSection
	GlobalSection(SolutionProperties) = preSolution
		HideSolutionNode = FALSE
	EndGlobalSection
	GlobalSection(ExtensibilityGlobals) = postSolution
		SolutionGuid = {F0752F16-5DA1-41FF-ADF6-3F72BA3EE0FB}
	EndGlobalSection
EndGlobal
