
Microsoft Visual Studio Solution File, Format Version 12.00
# Visual Studio Version 16
VisualStudioVersion = 16.0.30413.136
MinimumVisualStudioVersion = 10.0.40219.1
Project("{FAE04EC0-301F-11D3-BF4B-00C04F79EFBC}") = "NomeroUno", "NomeroUno\NomeroUno.csproj", "{36A575C1-102F-435D-BDDC-EAF59F095400}"
EndProject
Project("{FAE04EC0-301F-11D3-BF4B-00C04F79EFBC}") = "nomeroDos", "nomeroDos\nomeroDos.csproj", "{48D1470F-7BAD-4625-A3E7-5ECBA0409F81}"
EndProject
Project("{FAE04EC0-301F-11D3-BF4B-00C04F79EFBC}") = "nomeroTreso", "nomeroTreso\nomeroTreso.csproj", "{BF5A7D45-4E77-4938-AC81-85212C1D00E1}"
EndProject
Global
	GlobalSection(SolutionConfigurationPlatforms) = preSolution
		Debug|Any CPU = Debug|Any CPU
		Release|Any CPU = Release|Any CPU
	EndGlobalSection
	GlobalSection(ProjectConfigurationPlatforms) = postSolution
		{36A575C1-102F-435D-BDDC-EAF59F095400}.Debug|Any CPU.ActiveCfg = Debug|Any CPU
		{36A575C1-102F-435D-BDDC-EAF59F095400}.Debug|Any CPU.Build.0 = Debug|Any CPU
		{36A575C1-102F-435D-BDDC-EAF59F095400}.Release|Any CPU.ActiveCfg = Release|Any CPU
		{36A575C1-102F-435D-BDDC-EAF59F095400}.Release|Any CPU.Build.0 = Release|Any CPU
		{48D1470F-7BAD-4625-A3E7-5ECBA0409F81}.Debug|Any CPU.ActiveCfg = Debug|Any CPU
		{48D1470F-7BAD-4625-A3E7-5ECBA0409F81}.Debug|Any CPU.Build.0 = Debug|Any CPU
		{48D1470F-7BAD-4625-A3E7-5ECBA0409F81}.Release|Any CPU.ActiveCfg = Release|Any CPU
		{48D1470F-7BAD-4625-A3E7-5ECBA0409F81}.Release|Any CPU.Build.0 = Release|Any CPU
		{BF5A7D45-4E77-4938-AC81-85212C1D00E1}.Debug|Any CPU.ActiveCfg = Debug|Any CPU
		{BF5A7D45-4E77-4938-AC81-85212C1D00E1}.Debug|Any CPU.Build.0 = Debug|Any CPU
		{BF5A7D45-4E77-4938-AC81-85212C1D00E1}.Release|Any CPU.ActiveCfg = Release|Any CPU
		{BF5A7D45-4E77-4938-AC81-85212C1D00E1}.Release|Any CPU.Build.0 = Release|Any CPU
	EndGlobalSection
	GlobalSection(SolutionProperties) = preSolution
		HideSolutionNode = FALSE
	EndGlobalSection
	GlobalSection(ExtensibilityGlobals) = postSolution
		SolutionGuid = {A2EB237D-2645-4AC0-80BB-C481F011BF6E}
	EndGlobalSection
EndGlobal
