
Microsoft Visual Studio Solution File, Format Version 12.00
# Visual Studio Version 16
VisualStudioVersion = 16.0.30413.136
MinimumVisualStudioVersion = 10.0.40219.1
Project("{FAE04EC0-301F-11D3-BF4B-00C04F79EFBC}") = "ages", "ages\ages.csproj", "{B351CA96-3EB8-4397-AAEE-AFC7E818DD40}"
EndProject
Project("{FAE04EC0-301F-11D3-BF4B-00C04F79EFBC}") = "ConsoleApp1", "..\ConsoleApp1\ConsoleApp1.csproj", "{2847A120-5D25-45D2-BC78-B80F2C997FD0}"
EndProject
Global
	GlobalSection(SolutionConfigurationPlatforms) = preSolution
		Debug|Any CPU = Debug|Any CPU
		Release|Any CPU = Release|Any CPU
	EndGlobalSection
	GlobalSection(ProjectConfigurationPlatforms) = postSolution
		{B351CA96-3EB8-4397-AAEE-AFC7E818DD40}.Debug|Any CPU.ActiveCfg = Debug|Any CPU
		{B351CA96-3EB8-4397-AAEE-AFC7E818DD40}.Debug|Any CPU.Build.0 = Debug|Any CPU
		{B351CA96-3EB8-4397-AAEE-AFC7E818DD40}.Release|Any CPU.ActiveCfg = Release|Any CPU
		{B351CA96-3EB8-4397-AAEE-AFC7E818DD40}.Release|Any CPU.Build.0 = Release|Any CPU
		{2847A120-5D25-45D2-BC78-B80F2C997FD0}.Debug|Any CPU.ActiveCfg = Debug|Any CPU
		{2847A120-5D25-45D2-BC78-B80F2C997FD0}.Debug|Any CPU.Build.0 = Debug|Any CPU
		{2847A120-5D25-45D2-BC78-B80F2C997FD0}.Release|Any CPU.ActiveCfg = Release|Any CPU
		{2847A120-5D25-45D2-BC78-B80F2C997FD0}.Release|Any CPU.Build.0 = Release|Any CPU
	EndGlobalSection
	GlobalSection(SolutionProperties) = preSolution
		HideSolutionNode = FALSE
	EndGlobalSection
	GlobalSection(ExtensibilityGlobals) = postSolution
		SolutionGuid = {762E7D17-71AA-4436-BCAC-93F27BFB1CCD}
	EndGlobalSection
EndGlobal
