
Microsoft Visual Studio Solution File, Format Version 12.00
# Visual Studio Version 16
VisualStudioVersion = 16.0.30413.136
MinimumVisualStudioVersion = 10.0.40219.1
Project("{FAE04EC0-301F-11D3-BF4B-00C04F79EFBC}") = "integer", "integer\integer.csproj", "{DEF822BE-0589-4AFD-9330-2748D20A65B8}"
EndProject
Global
	GlobalSection(SolutionConfigurationPlatforms) = preSolution
		Debug|Any CPU = Debug|Any CPU
		Release|Any CPU = Release|Any CPU
	EndGlobalSection
	GlobalSection(ProjectConfigurationPlatforms) = postSolution
		{DEF822BE-0589-4AFD-9330-2748D20A65B8}.Debug|Any CPU.ActiveCfg = Debug|Any CPU
		{DEF822BE-0589-4AFD-9330-2748D20A65B8}.Debug|Any CPU.Build.0 = Debug|Any CPU
		{DEF822BE-0589-4AFD-9330-2748D20A65B8}.Release|Any CPU.ActiveCfg = Release|Any CPU
		{DEF822BE-0589-4AFD-9330-2748D20A65B8}.Release|Any CPU.Build.0 = Release|Any CPU
	EndGlobalSection
	GlobalSection(SolutionProperties) = preSolution
		HideSolutionNode = FALSE
	EndGlobalSection
	GlobalSection(ExtensibilityGlobals) = postSolution
		SolutionGuid = {1744D8CB-1BF7-4E93-A9DB-665A4F9C5FED}
	EndGlobalSection
EndGlobal
